# This file is automatically @generated by Poetry 1.8.3 and should not be changed by hand.

[[package]]
name = "gitignore-parser"
version = "0.1.11"
description = "A spec-compliant gitignore parser for Python 3.5+"
optional = false
python-versions = "*"
files = [
    {file = "gitignore_parser-0.1.11.tar.gz", hash = "sha256:fa10fde48b44888eeefac096f53bcdad9b87a4ffd7db788558dbdf71ff3bc9db"},
]

[metadata]
lock-version = "2.0"
python-versions = ">=3.11,<=3.12"
content-hash = "4e71c1bd630303a26789869379aaedd484638c0be860945c9e97c5578f66a730"
